// !$*UTF8*$!
{
	archiveVersion = 1;
	classes = {
	};
	objectVersion = 46;
	objects = {

/* Begin PBXBuildFile section */
		607FACD61AFB9204008FA782 /* AppDelegate.swift in Sources */ = {isa = PBXBuildFile; fileRef = 607FACD51AFB9204008FA782 /* AppDelegate.swift */; };
		607FACD81AFB9204008FA782 /* ViewController.swift in Sources */ = {isa = PBXBuildFile; fileRef = 607FACD71AFB9204008FA782 /* ViewController.swift */; };
		607FACDB1AFB9204008FA782 /* Main.storyboard in Resources */ = {isa = PBXBuildFile; fileRef = 607FACD91AFB9204008FA782 /* Main.storyboard */; };
		607FACDD1AFB9204008FA782 /* Images.xcassets in Resources */ = {isa = PBXBuildFile; fileRef = 607FACDC1AFB9204008FA782 /* Images.xcassets */; };
		607FACE01AFB9204008FA782 /* LaunchScreen.xib in Resources */ = {isa = PBXBuildFile; fileRef = 607FACDE1AFB9204008FA782 /* LaunchScreen.xib */; };
		607FACEC1AFB9204008FA782 /* Tests.swift in Sources */ = {isa = PBXBuildFile; fileRef = 607FACEB1AFB9204008FA782 /* Tests.swift */; };
		68DA4375B440DEFBBC2C2623 /* Pods_RF_localRepo_Example.framework in Frameworks */ = {isa = PBXBuildFile; fileRef = 252B2E190EE91C3E065C116B /* Pods_RF_localRepo_Example.framework */; };
		8E4DE953267850460014AE3C /* B0ViewController.xib in Resources */ = {isa = PBXBuildFile; fileRef = 8E4DE94F267850460014AE3C /* B0ViewController.xib */; };
		8E4DE954267850460014AE3C /* A0ViewController.swift in Sources */ = {isa = PBXBuildFile; fileRef = 8E4DE950267850460014AE3C /* A0ViewController.swift */; };
		8E4DE955267850460014AE3C /* A0ViewController.xib in Resources */ = {isa = PBXBuildFile; fileRef = 8E4DE951267850460014AE3C /* A0ViewController.xib */; };
		8E4DE956267850460014AE3C /* B0ViewController.swift in Sources */ = {isa = PBXBuildFile; fileRef = 8E4DE952267850460014AE3C /* B0ViewController.swift */; };
		8E4DE9592678505B0014AE3C /* C0ViewController.swift in Sources */ = {isa = PBXBuildFile; fileRef = 8E4DE9572678505B0014AE3C /* C0ViewController.swift */; };
		8E4DE95A2678505B0014AE3C /* C0ViewController.xib in Resources */ = {isa = PBXBuildFile; fileRef = 8E4DE9582678505B0014AE3C /* C0ViewController.xib */; };
		8E4DE95D2678508B0014AE3C /* B1ViewController.swift in Sources */ = {isa = PBXBuildFile; fileRef = 8E4DE95B2678508B0014AE3C /* B1ViewController.swift */; };
		8E4DE95E2678508B0014AE3C /* B1ViewController.xib in Resources */ = {isa = PBXBuildFile; fileRef = 8E4DE95C2678508B0014AE3C /* B1ViewController.xib */; };
		8E4DE961267850A00014AE3C /* C1ViewController.swift in Sources */ = {isa = PBXBuildFile; fileRef = 8E4DE95F267850A00014AE3C /* C1ViewController.swift */; };
		8E4DE962267850A00014AE3C /* C1ViewController.xib in Resources */ = {isa = PBXBuildFile; fileRef = 8E4DE960267850A00014AE3C /* C1ViewController.xib */; };
		8E4DE965267850AF0014AE3C /* A1ViewController.swift in Sources */ = {isa = PBXBuildFile; fileRef = 8E4DE963267850AF0014AE3C /* A1ViewController.swift */; };
		8E4DE966267850AF0014AE3C /* A1ViewController.xib in Resources */ = {isa = PBXBuildFile; fileRef = 8E4DE964267850AF0014AE3C /* A1ViewController.xib */; };
		8E4DE969267851650014AE3C /* CentralManager.swift in Sources */ = {isa = PBXBuildFile; fileRef = 8E4DE968267851650014AE3C /* CentralManager.swift */; };
		8ECA455E266F3B0000AC3A3C /* Localizable.strings in Resources */ = {isa = PBXBuildFile; fileRef = 8ECA4560266F3B0000AC3A3C /* Localizable.strings */; };
		8F4E382D51A72A69A472AFEC /* Pods_RF_localRepo_Tests.framework in Frameworks */ = {isa = PBXBuildFile; fileRef = 108C7D445814C0985EB95F93 /* Pods_RF_localRepo_Tests.framework */; };
/* End PBXBuildFile section */

/* Begin PBXContainerItemProxy section */
		607FACE61AFB9204008FA782 /* PBXContainerItemProxy */ = {
			isa = PBXContainerItemProxy;
			containerPortal = 607FACC81AFB9204008FA782 /* Project object */;
			proxyType = 1;
			remoteGlobalIDString = 607FACCF1AFB9204008FA782;
			remoteInfo = RF_localRepo;
		};
/* End PBXContainerItemProxy section */

/* Begin PBXFileReference section */
		041E3DFDD0FB299CDB0F7D4E /* Pods-RF_localRepo_Tests.debug.xcconfig */ = {isa = PBXFileReference; includeInIndex = 1; lastKnownFileType = text.xcconfig; name = "Pods-RF_localRepo_Tests.debug.xcconfig"; path = "Target Support Files/Pods-RF_localRepo_Tests/Pods-RF_localRepo_Tests.debug.xcconfig"; sourceTree = "<group>"; };
		0F157899E18C06B6543ADA54 /* RF_localRepo.podspec */ = {isa = PBXFileReference; includeInIndex = 1; lastKnownFileType = text; name = RF_localRepo.podspec; path = ../RF_localRepo.podspec; sourceTree = "<group>"; xcLanguageSpecificationIdentifier = xcode.lang.ruby; };
		108C7D445814C0985EB95F93 /* Pods_RF_localRepo_Tests.framework */ = {isa = PBXFileReference; explicitFileType = wrapper.framework; includeInIndex = 0; path = Pods_RF_localRepo_Tests.framework; sourceTree = BUILT_PRODUCTS_DIR; };
		252B2E190EE91C3E065C116B /* Pods_RF_localRepo_Example.framework */ = {isa = PBXFileReference; explicitFileType = wrapper.framework; includeInIndex = 0; path = Pods_RF_localRepo_Example.framework; sourceTree = BUILT_PRODUCTS_DIR; };
		2F5A67D2A295AE1919DB3C59 /* LICENSE */ = {isa = PBXFileReference; includeInIndex = 1; lastKnownFileType = text; name = LICENSE; path = ../LICENSE; sourceTree = "<group>"; };
		4BA1E02D303FB6D5B835CE65 /* Pods-RF_localRepo_Tests.release.xcconfig */ = {isa = PBXFileReference; includeInIndex = 1; lastKnownFileType = text.xcconfig; name = "Pods-RF_localRepo_Tests.release.xcconfig"; path = "Target Support Files/Pods-RF_localRepo_Tests/Pods-RF_localRepo_Tests.release.xcconfig"; sourceTree = "<group>"; };
		5BCD8BB1BBEC167FC0BD2DCC /* Pods-RF_localRepo_Example.debug.xcconfig */ = {isa = PBXFileReference; includeInIndex = 1; lastKnownFileType = text.xcconfig; name = "Pods-RF_localRepo_Example.debug.xcconfig"; path = "Target Support Files/Pods-RF_localRepo_Example/Pods-RF_localRepo_Example.debug.xcconfig"; sourceTree = "<group>"; };
		607FACD01AFB9204008FA782 /* RF_localRepo_Example.app */ = {isa = PBXFileReference; explicitFileType = wrapper.application; includeInIndex = 0; path = RF_localRepo_Example.app; sourceTree = BUILT_PRODUCTS_DIR; };
		607FACD41AFB9204008FA782 /* Info.plist */ = {isa = PBXFileReference; lastKnownFileType = text.plist.xml; path = Info.plist; sourceTree = "<group>"; };
		607FACD51AFB9204008FA782 /* AppDelegate.swift */ = {isa = PBXFileReference; lastKnownFileType = sourcecode.swift; path = AppDelegate.swift; sourceTree = "<group>"; };
		607FACD71AFB9204008FA782 /* ViewController.swift */ = {isa = PBXFileReference; lastKnownFileType = sourcecode.swift; path = ViewController.swift; sourceTree = "<group>"; };
		607FACDA1AFB9204008FA782 /* Base */ = {isa = PBXFileReference; lastKnownFileType = file.storyboard; name = Base; path = Base.lproj/Main.storyboard; sourceTree = "<group>"; };
		607FACDC1AFB9204008FA782 /* Images.xcassets */ = {isa = PBXFileReference; lastKnownFileType = folder.assetcatalog; path = Images.xcassets; sourceTree = "<group>"; };
		607FACDF1AFB9204008FA782 /* Base */ = {isa = PBXFileReference; lastKnownFileType = file.xib; name = Base; path = Base.lproj/LaunchScreen.xib; sourceTree = "<group>"; };
		607FACE51AFB9204008FA782 /* RF_localRepo_Tests.xctest */ = {isa = PBXFileReference; explicitFileType = wrapper.cfbundle; includeInIndex = 0; path = RF_localRepo_Tests.xctest; sourceTree = BUILT_PRODUCTS_DIR; };
		607FACEA1AFB9204008FA782 /* Info.plist */ = {isa = PBXFileReference; lastKnownFileType = text.plist.xml; path = Info.plist; sourceTree = "<group>"; };
		607FACEB1AFB9204008FA782 /* Tests.swift */ = {isa = PBXFileReference; lastKnownFileType = sourcecode.swift; path = Tests.swift; sourceTree = "<group>"; };
		8E4DE94F267850460014AE3C /* B0ViewController.xib */ = {isa = PBXFileReference; fileEncoding = 4; lastKnownFileType = file.xib; path = B0ViewController.xib; sourceTree = "<group>"; };
		8E4DE950267850460014AE3C /* A0ViewController.swift */ = {isa = PBXFileReference; fileEncoding = 4; lastKnownFileType = sourcecode.swift; path = A0ViewController.swift; sourceTree = "<group>"; };
		8E4DE951267850460014AE3C /* A0ViewController.xib */ = {isa = PBXFileReference; fileEncoding = 4; lastKnownFileType = file.xib; path = A0ViewController.xib; sourceTree = "<group>"; };
		8E4DE952267850460014AE3C /* B0ViewController.swift */ = {isa = PBXFileReference; fileEncoding = 4; lastKnownFileType = sourcecode.swift; path = B0ViewController.swift; sourceTree = "<group>"; };
		8E4DE9572678505B0014AE3C /* C0ViewController.swift */ = {isa = PBXFileReference; lastKnownFileType = sourcecode.swift; path = C0ViewController.swift; sourceTree = "<group>"; };
		8E4DE9582678505B0014AE3C /* C0ViewController.xib */ = {isa = PBXFileReference; lastKnownFileType = file.xib; path = C0ViewController.xib; sourceTree = "<group>"; };
		8E4DE95B2678508B0014AE3C /* B1ViewController.swift */ = {isa = PBXFileReference; lastKnownFileType = sourcecode.swift; path = B1ViewController.swift; sourceTree = "<group>"; };
		8E4DE95C2678508B0014AE3C /* B1ViewController.xib */ = {isa = PBXFileReference; lastKnownFileType = file.xib; path = B1ViewController.xib; sourceTree = "<group>"; };
		8E4DE95F267850A00014AE3C /* C1ViewController.swift */ = {isa = PBXFileReference; lastKnownFileType = sourcecode.swift; path = C1ViewController.swift; sourceTree = "<group>"; };
		8E4DE960267850A00014AE3C /* C1ViewController.xib */ = {isa = PBXFileReference; lastKnownFileType = file.xib; path = C1ViewController.xib; sourceTree = "<group>"; };
		8E4DE963267850AF0014AE3C /* A1ViewController.swift */ = {isa = PBXFileReference; lastKnownFileType = sourcecode.swift; path = A1ViewController.swift; sourceTree = "<group>"; };
		8E4DE964267850AF0014AE3C /* A1ViewController.xib */ = {isa = PBXFileReference; lastKnownFileType = file.xib; path = A1ViewController.xib; sourceTree = "<group>"; };
		8E4DE968267851650014AE3C /* CentralManager.swift */ = {isa = PBXFileReference; lastKnownFileType = sourcecode.swift; path = CentralManager.swift; sourceTree = "<group>"; };
		8ECA455C266F3AF400AC3A3C /* zh-Hans */ = {isa = PBXFileReference; lastKnownFileType = text.plist.strings; name = "zh-Hans"; path = "zh-Hans.lproj/Main.strings"; sourceTree = "<group>"; };
		8ECA455D266F3AF400AC3A3C /* zh-Hans */ = {isa = PBXFileReference; lastKnownFileType = text.plist.strings; name = "zh-Hans"; path = "zh-Hans.lproj/LaunchScreen.strings"; sourceTree = "<group>"; };
		8ECA455F266F3B0000AC3A3C /* zh-Hans */ = {isa = PBXFileReference; lastKnownFileType = text.plist.strings; name = "zh-Hans"; path = "zh-Hans.lproj/Localizable.strings"; sourceTree = "<group>"; };
		8ECA4561266F3B0600AC3A3C /* en */ = {isa = PBXFileReference; lastKnownFileType = text.plist.strings; name = en; path = en.lproj/Localizable.strings; sourceTree = "<group>"; };
		A8253220A3F19989CA8711C7 /* README.md */ = {isa = PBXFileReference; includeInIndex = 1; lastKnownFileType = net.daringfireball.markdown; name = README.md; path = ../README.md; sourceTree = "<group>"; };
		F625339A2352686E6489FB3A /* Pods-RF_localRepo_Example.release.xcconfig */ = {isa = PBXFileReference; includeInIndex = 1; lastKnownFileType = text.xcconfig; name = "Pods-RF_localRepo_Example.release.xcconfig"; path = "Target Support Files/Pods-RF_localRepo_Example/Pods-RF_localRepo_Example.release.xcconfig"; sourceTree = "<group>"; };
/* End PBXFileReference section */

/* Begin PBXFrameworksBuildPhase section */
		607FACCD1AFB9204008FA782 /* Frameworks */ = {
			isa = PBXFrameworksBuildPhase;
			buildActionMask = 2147483647;
			files = (
				68DA4375B440DEFBBC2C2623 /* Pods_RF_localRepo_Example.framework in Frameworks */,
			);
			runOnlyForDeploymentPostprocessing = 0;
		};
		607FACE21AFB9204008FA782 /* Frameworks */ = {
			isa = PBXFrameworksBuildPhase;
			buildActionMask = 2147483647;
			files = (
				8F4E382D51A72A69A472AFEC /* Pods_RF_localRepo_Tests.framework in Frameworks */,
			);
			runOnlyForDeploymentPostprocessing = 0;
		};
/* End PBXFrameworksBuildPhase section */

/* Begin PBXGroup section */
		3C6B15A793898197E5D724E1 /* Pods */ = {
			isa = PBXGroup;
			children = (
				5BCD8BB1BBEC167FC0BD2DCC /* Pods-RF_localRepo_Example.debug.xcconfig */,
				F625339A2352686E6489FB3A /* Pods-RF_localRepo_Example.release.xcconfig */,
				041E3DFDD0FB299CDB0F7D4E /* Pods-RF_localRepo_Tests.debug.xcconfig */,
				4BA1E02D303FB6D5B835CE65 /* Pods-RF_localRepo_Tests.release.xcconfig */,
			);
			path = Pods;
			sourceTree = "<group>";
		};
		607FACC71AFB9204008FA782 = {
			isa = PBXGroup;
			children = (
				607FACF51AFB993E008FA782 /* Podspec Metadata */,
				607FACD21AFB9204008FA782 /* Example for RF_localRepo */,
				607FACE81AFB9204008FA782 /* Tests */,
				607FACD11AFB9204008FA782 /* Products */,
				3C6B15A793898197E5D724E1 /* Pods */,
				89E90D2F8F20690722945BB8 /* Frameworks */,
			);
			sourceTree = "<group>";
		};
		607FACD11AFB9204008FA782 /* Products */ = {
			isa = PBXGroup;
			children = (
				607FACD01AFB9204008FA782 /* RF_localRepo_Example.app */,
				607FACE51AFB9204008FA782 /* RF_localRepo_Tests.xctest */,
			);
			name = Products;
			sourceTree = "<group>";
		};
		607FACD21AFB9204008FA782 /* Example for RF_localRepo */ = {
			isa = PBXGroup;
			children = (
				8E4DE967267851020014AE3C /* Mediator */,
				8E4DE94E267850460014AE3C /* Module */,
				607FACD51AFB9204008FA782 /* AppDelegate.swift */,
				607FACD71AFB9204008FA782 /* ViewController.swift */,
				607FACD91AFB9204008FA782 /* Main.storyboard */,
				607FACDC1AFB9204008FA782 /* Images.xcassets */,
				607FACDE1AFB9204008FA782 /* LaunchScreen.xib */,
				607FACD31AFB9204008FA782 /* Supporting Files */,
			);
			name = "Example for RF_localRepo";
			path = RF_localRepo;
			sourceTree = "<group>";
		};
		607FACD31AFB9204008FA782 /* Supporting Files */ = {
			isa = PBXGroup;
			children = (
				607FACD41AFB9204008FA782 /* Info.plist */,
				8ECA4560266F3B0000AC3A3C /* Localizable.strings */,
			);
			name = "Supporting Files";
			sourceTree = "<group>";
		};
		607FACE81AFB9204008FA782 /* Tests */ = {
			isa = PBXGroup;
			children = (
				607FACEB1AFB9204008FA782 /* Tests.swift */,
				607FACE91AFB9204008FA782 /* Supporting Files */,
			);
			path = Tests;
			sourceTree = "<group>";
		};
		607FACE91AFB9204008FA782 /* Supporting Files */ = {
			isa = PBXGroup;
			children = (
				607FACEA1AFB9204008FA782 /* Info.plist */,
			);
			name = "Supporting Files";
			sourceTree = "<group>";
		};
		607FACF51AFB993E008FA782 /* Podspec Metadata */ = {
			isa = PBXGroup;
			children = (
				0F157899E18C06B6543ADA54 /* RF_localRepo.podspec */,
				A8253220A3F19989CA8711C7 /* README.md */,
				2F5A67D2A295AE1919DB3C59 /* LICENSE */,
			);
			name = "Podspec Metadata";
			sourceTree = "<group>";
		};
		89E90D2F8F20690722945BB8 /* Frameworks */ = {
			isa = PBXGroup;
			children = (
				252B2E190EE91C3E065C116B /* Pods_RF_localRepo_Example.framework */,
				108C7D445814C0985EB95F93 /* Pods_RF_localRepo_Tests.framework */,
			);
			name = Frameworks;
			sourceTree = "<group>";
		};
		8E4DE94E267850460014AE3C /* Module */ = {
			isa = PBXGroup;
			children = (
				8E4DE950267850460014AE3C /* A0ViewController.swift */,
				8E4DE951267850460014AE3C /* A0ViewController.xib */,
				8E4DE963267850AF0014AE3C /* A1ViewController.swift */,
				8E4DE964267850AF0014AE3C /* A1ViewController.xib */,
				8E4DE952267850460014AE3C /* B0ViewController.swift */,
				8E4DE94F267850460014AE3C /* B0ViewController.xib */,
				8E4DE95B2678508B0014AE3C /* B1ViewController.swift */,
				8E4DE95C2678508B0014AE3C /* B1ViewController.xib */,
				8E4DE9572678505B0014AE3C /* C0ViewController.swift */,
				8E4DE9582678505B0014AE3C /* C0ViewController.xib */,
				8E4DE95F267850A00014AE3C /* C1ViewController.swift */,
				8E4DE960267850A00014AE3C /* C1ViewController.xib */,
			);
			path = Module;
			sourceTree = "<group>";
		};
		8E4DE967267851020014AE3C /* Mediator */ = {
			isa = PBXGroup;
			children = (
				8E4DE968267851650014AE3C /* CentralManager.swift */,
			);
			path = Mediator;
			sourceTree = "<group>";
		};
/* End PBXGroup section */

/* Begin PBXNativeTarget section */
		607FACCF1AFB9204008FA782 /* RF_localRepo_Example */ = {
			isa = PBXNativeTarget;
			buildConfigurationList = 607FACEF1AFB9204008FA782 /* Build configuration list for PBXNativeTarget "RF_localRepo_Example" */;
			buildPhases = (
				2C7335B4119028D27F072CDC /* [CP] Check Pods Manifest.lock */,
				607FACCC1AFB9204008FA782 /* Sources */,
				607FACCD1AFB9204008FA782 /* Frameworks */,
				607FACCE1AFB9204008FA782 /* Resources */,
				F67864679E1FC6380D5CE9C2 /* [CP] Embed Pods Frameworks */,
			);
			buildRules = (
			);
			dependencies = (
			);
			name = RF_localRepo_Example;
			productName = RF_localRepo;
			productReference = 607FACD01AFB9204008FA782 /* RF_localRepo_Example.app */;
			productType = "com.apple.product-type.application";
		};
		607FACE41AFB9204008FA782 /* RF_localRepo_Tests */ = {
			isa = PBXNativeTarget;
			buildConfigurationList = 607FACF21AFB9204008FA782 /* Build configuration list for PBXNativeTarget "RF_localRepo_Tests" */;
			buildPhases = (
				F498308678B38AA755E098CE /* [CP] Check Pods Manifest.lock */,
				607FACE11AFB9204008FA782 /* Sources */,
				607FACE21AFB9204008FA782 /* Frameworks */,
				607FACE31AFB9204008FA782 /* Resources */,
			);
			buildRules = (
			);
			dependencies = (
				607FACE71AFB9204008FA782 /* PBXTargetDependency */,
			);
			name = RF_localRepo_Tests;
			productName = Tests;
			productReference = 607FACE51AFB9204008FA782 /* RF_localRepo_Tests.xctest */;
			productType = "com.apple.product-type.bundle.unit-test";
		};
/* End PBXNativeTarget section */

/* Begin PBXProject section */
		607FACC81AFB9204008FA782 /* Project object */ = {
			isa = PBXProject;
			attributes = {
				LastSwiftUpdateCheck = 0830;
				LastUpgradeCheck = 0830;
				ORGANIZATIONNAME = CocoaPods;
				TargetAttributes = {
					607FACCF1AFB9204008FA782 = {
						CreatedOnToolsVersion = 6.3.1;
						DevelopmentTeam = CM2WZA89Y8;
						LastSwiftMigration = 0900;
					};
					607FACE41AFB9204008FA782 = {
						CreatedOnToolsVersion = 6.3.1;
						LastSwiftMigration = 1250;
						TestTargetID = 607FACCF1AFB9204008FA782;
					};
				};
			};
			buildConfigurationList = 607FACCB1AFB9204008FA782 /* Build configuration list for PBXProject "RF_localRepo" */;
			compatibilityVersion = "Xcode 3.2";
			developmentRegion = English;
			hasScannedForEncodings = 0;
			knownRegions = (
				English,
				en,
				Base,
				"zh-Hans",
			);
			mainGroup = 607FACC71AFB9204008FA782;
			productRefGroup = 607FACD11AFB9204008FA782 /* Products */;
			projectDirPath = "";
			projectRoot = "";
			targets = (
				607FACCF1AFB9204008FA782 /* RF_localRepo_Example */,
				607FACE41AFB9204008FA782 /* RF_localRepo_Tests */,
			);
		};
/* End PBXProject section */

/* Begin PBXResourcesBuildPhase section */
		607FACCE1AFB9204008FA782 /* Resources */ = {
			isa = PBXResourcesBuildPhase;
			buildActionMask = 2147483647;
			files = (
				607FACDB1AFB9204008FA782 /* Main.storyboard in Resources */,
				8ECA455E266F3B0000AC3A3C /* Localizable.strings in Resources */,
				8E4DE95A2678505B0014AE3C /* C0ViewController.xib in Resources */,
				8E4DE962267850A00014AE3C /* C1ViewController.xib in Resources */,
				607FACE01AFB9204008FA782 /* LaunchScreen.xib in Resources */,
				607FACDD1AFB9204008FA782 /* Images.xcassets in Resources */,
				8E4DE966267850AF0014AE3C /* A1ViewController.xib in Resources */,
				8E4DE953267850460014AE3C /* B0ViewController.xib in Resources */,
				8E4DE955267850460014AE3C /* A0ViewController.xib in Resources */,
				8E4DE95E2678508B0014AE3C /* B1ViewController.xib in Resources */,
			);
			runOnlyForDeploymentPostprocessing = 0;
		};
		607FACE31AFB9204008FA782 /* Resources */ = {
			isa = PBXResourcesBuildPhase;
			buildActionMask = 2147483647;
			files = (
			);
			runOnlyForDeploymentPostprocessing = 0;
		};
/* End PBXResourcesBuildPhase section */

/* Begin PBXShellScriptBuildPhase section */
		2C7335B4119028D27F072CDC /* [CP] Check Pods Manifest.lock */ = {
			isa = PBXShellScriptBuildPhase;
			buildActionMask = 2147483647;
			files = (
			);
			inputFileListPaths = (
			);
			inputPaths = (
				"${PODS_PODFILE_DIR_PATH}/Podfile.lock",
				"${PODS_ROOT}/Manifest.lock",
			);
			name = "[CP] Check Pods Manifest.lock";
			outputFileListPaths = (
			);
			outputPaths = (
				"$(DERIVED_FILE_DIR)/Pods-RF_localRepo_Example-checkManifestLockResult.txt",
			);
			runOnlyForDeploymentPostprocessing = 0;
			shellPath = /bin/sh;
			shellScript = "diff \"${PODS_PODFILE_DIR_PATH}/Podfile.lock\" \"${PODS_ROOT}/Manifest.lock\" > /dev/null\nif [ $? != 0 ] ; then\n    # print error to STDERR\n    echo \"error: The sandbox is not in sync with the Podfile.lock. Run 'pod install' or update your CocoaPods installation.\" >&2\n    exit 1\nfi\n# This output is used by Xcode 'outputs' to avoid re-running this script phase.\necho \"SUCCESS\" > \"${SCRIPT_OUTPUT_FILE_0}\"\n";
			showEnvVarsInLog = 0;
		};
		F498308678B38AA755E098CE /* [CP] Check Pods Manifest.lock */ = {
			isa = PBXShellScriptBuildPhase;
			buildActionMask = 2147483647;
			files = (
			);
			inputFileListPaths = (
			);
			inputPaths = (
				"${PODS_PODFILE_DIR_PATH}/Podfile.lock",
				"${PODS_ROOT}/Manifest.lock",
			);
			name = "[CP] Check Pods Manifest.lock";
			outputFileListPaths = (
			);
			outputPaths = (
				"$(DERIVED_FILE_DIR)/Pods-RF_localRepo_Tests-checkManifestLockResult.txt",
			);
			runOnlyForDeploymentPostprocessing = 0;
			shellPath = /bin/sh;
			shellScript = "diff \"${PODS_PODFILE_DIR_PATH}/Podfile.lock\" \"${PODS_ROOT}/Manifest.lock\" > /dev/null\nif [ $? != 0 ] ; then\n    # print error to STDERR\n    echo \"error: The sandbox is not in sync with the Podfile.lock. Run 'pod install' or update your CocoaPods installation.\" >&2\n    exit 1\nfi\n# This output is used by Xcode 'outputs' to avoid re-running this script phase.\necho \"SUCCESS\" > \"${SCRIPT_OUTPUT_FILE_0}\"\n";
			showEnvVarsInLog = 0;
		};
		F67864679E1FC6380D5CE9C2 /* [CP] Embed Pods Frameworks */ = {
			isa = PBXShellScriptBuildPhase;
			buildActionMask = 2147483647;
			files = (
			);
			inputPaths = (
				"${PODS_ROOT}/Target Support Files/Pods-RF_localRepo_Example/Pods-RF_localRepo_Example-frameworks.sh",
				"${BUILT_PRODUCTS_DIR}/RF_localRepo/RF_localRepo.framework",
				"${BUILT_PRODUCTS_DIR}/WHC_KeyboardManager/WHC_KeyboardManager.framework",
			);
			name = "[CP] Embed Pods Frameworks";
			outputPaths = (
				"${TARGET_BUILD_DIR}/${FRAMEWORKS_FOLDER_PATH}/RF_localRepo.framework",
				"${TARGET_BUILD_DIR}/${FRAMEWORKS_FOLDER_PATH}/WHC_KeyboardManager.framework",
			);
			runOnlyForDeploymentPostprocessing = 0;
			shellPath = /bin/sh;
			shellScript = "\"${PODS_ROOT}/Target Support Files/Pods-RF_localRepo_Example/Pods-RF_localRepo_Example-frameworks.sh\"\n";
			showEnvVarsInLog = 0;
		};
/* End PBXShellScriptBuildPhase section */

/* Begin PBXSourcesBuildPhase section */
		607FACCC1AFB9204008FA782 /* Sources */ = {
			isa = PBXSourcesBuildPhase;
			buildActionMask = 2147483647;
			files = (
				8E4DE954267850460014AE3C /* A0ViewController.swift in Sources */,
				607FACD81AFB9204008FA782 /* ViewController.swift in Sources */,
				8E4DE965267850AF0014AE3C /* A1ViewController.swift in Sources */,
				8E4DE9592678505B0014AE3C /* C0ViewController.swift in Sources */,
				8E4DE956267850460014AE3C /* B0ViewController.swift in Sources */,
				8E4DE961267850A00014AE3C /* C1ViewController.swift in Sources */,
				607FACD61AFB9204008FA782 /* AppDelegate.swift in Sources */,
				8E4DE95D2678508B0014AE3C /* B1ViewController.swift in Sources */,
				8E4DE969267851650014AE3C /* CentralManager.swift in Sources */,
			);
			runOnlyForDeploymentPostprocessing = 0;
		};
		607FACE11AFB9204008FA782 /* Sources */ = {
			isa = PBXSourcesBuildPhase;
			buildActionMask = 2147483647;
			files = (
				607FACEC1AFB9204008FA782 /* Tests.swift in Sources */,
			);
			runOnlyForDeploymentPostprocessing = 0;
		};
/* End PBXSourcesBuildPhase section */

/* Begin PBXTargetDependency section */
		607FACE71AFB9204008FA782 /* PBXTargetDependency */ = {
			isa = PBXTargetDependency;
			target = 607FACCF1AFB9204008FA782 /* RF_localRepo_Example */;
			targetProxy = 607FACE61AFB9204008FA782 /* PBXContainerItemProxy */;
		};
/* End PBXTargetDependency section */

/* Begin PBXVariantGroup section */
		607FACD91AFB9204008FA782 /* Main.storyboard */ = {
			isa = PBXVariantGroup;
			children = (
				607FACDA1AFB9204008FA782 /* Base */,
				8ECA455C266F3AF400AC3A3C /* zh-Hans */,
			);
			name = Main.storyboard;
			sourceTree = "<group>";
		};
		607FACDE1AFB9204008FA782 /* LaunchScreen.xib */ = {
			isa = PBXVariantGroup;
			children = (
				607FACDF1AFB9204008FA782 /* Base */,
				8ECA455D266F3AF400AC3A3C /* zh-Hans */,
			);
			name = LaunchScreen.xib;
			sourceTree = "<group>";
		};
		8ECA4560266F3B0000AC3A3C /* Localizable.strings */ = {
			isa = PBXVariantGroup;
			children = (
				8ECA455F266F3B0000AC3A3C /* zh-Hans */,
				8ECA4561266F3B0600AC3A3C /* en */,
			);
			name = Localizable.strings;
			sourceTree = "<group>";
		};
/* End PBXVariantGroup section */

/* Begin XCBuildConfiguration section */
		607FACED1AFB9204008FA782 /* Debug */ = {
			isa = XCBuildConfiguration;
			buildSettings = {
				ALWAYS_SEARCH_USER_PATHS = NO;
				CLANG_CXX_LANGUAGE_STANDARD = "gnu++0x";
				CLANG_CXX_LIBRARY = "libc++";
				CLANG_ENABLE_MODULES = YES;
				CLANG_ENABLE_OBJC_ARC = YES;
				CLANG_WARN_BLOCK_CAPTURE_AUTORELEASING = YES;
				CLANG_WARN_BOOL_CONVERSION = YES;
				CLANG_WARN_COMMA = YES;
				CLANG_WARN_CONSTANT_CONVERSION = YES;
				CLANG_WARN_DIRECT_OBJC_ISA_USAGE = YES_ERROR;
				CLANG_WARN_EMPTY_BODY = YES;
				CLANG_WARN_ENUM_CONVERSION = YES;
				CLANG_WARN_INFINITE_RECURSION = YES;
				CLANG_WARN_INT_CONVERSION = YES;
				CLANG_WARN_NON_LITERAL_NULL_CONVERSION = YES;
				CLANG_WARN_OBJC_LITERAL_CONVERSION = YES;
				CLANG_WARN_OBJC_ROOT_CLASS = YES_ERROR;
				CLANG_WARN_RANGE_LOOP_ANALYSIS = YES;
				CLANG_WARN_STRICT_PROTOTYPES = YES;
				CLANG_WARN_SUSPICIOUS_MOVE = YES;
				CLANG_WARN_UNREACHABLE_CODE = YES;
				CLANG_WARN__DUPLICATE_METHOD_MATCH = YES;
				"CODE_SIGN_IDENTITY[sdk=iphoneos*]" = "iPhone Developer";
				COPY_PHASE_STRIP = NO;
				DEBUG_INFORMATION_FORMAT = "dwarf-with-dsym";
				ENABLE_STRICT_OBJC_MSGSEND = YES;
				ENABLE_TESTABILITY = YES;
				GCC_C_LANGUAGE_STANDARD = gnu99;
				GCC_DYNAMIC_NO_PIC = NO;
				GCC_NO_COMMON_BLOCKS = YES;
				GCC_OPTIMIZATION_LEVEL = 0;
				GCC_PREPROCESSOR_DEFINITIONS = (
					"DEBUG=1",
					"$(inherited)",
				);
				GCC_SYMBOLS_PRIVATE_EXTERN = NO;
				GCC_WARN_64_TO_32_BIT_CONVERSION = YES;
				GCC_WARN_ABOUT_RETURN_TYPE = YES_ERROR;
				GCC_WARN_UNDECLARED_SELECTOR = YES;
				GCC_WARN_UNINITIALIZED_AUTOS = YES_AGGRESSIVE;
				GCC_WARN_UNUSED_FUNCTION = YES;
				GCC_WARN_UNUSED_VARIABLE = YES;
				IPHONEOS_DEPLOYMENT_TARGET = 9.3;
				MTL_ENABLE_DEBUG_INFO = YES;
				ONLY_ACTIVE_ARCH = YES;
				SDKROOT = iphoneos;
				SWIFT_OPTIMIZATION_LEVEL = "-Onone";
				SWIFT_VERSION = 5.0;
			};
			name = Debug;
		};
		607FACEE1AFB9204008FA782 /* Release */ = {
			isa = XCBuildConfiguration;
			buildSettings = {
				ALWAYS_SEARCH_USER_PATHS = NO;
				CLANG_CXX_LANGUAGE_STANDARD = "gnu++0x";
				CLANG_CXX_LIBRARY = "libc++";
				CLANG_ENABLE_MODULES = YES;
				CLANG_ENABLE_OBJC_ARC = YES;
				CLANG_WARN_BLOCK_CAPTURE_AUTORELEASING = YES;
				CLANG_WARN_BOOL_CONVERSION = YES;
				CLANG_WARN_COMMA = YES;
				CLANG_WARN_CONSTANT_CONVERSION = YES;
				CLANG_WARN_DIRECT_OBJC_ISA_USAGE = YES_ERROR;
				CLANG_WARN_EMPTY_BODY = YES;
				CLANG_WARN_ENUM_CONVERSION = YES;
				CLANG_WARN_INFINITE_RECURSION = YES;
				CLANG_WARN_INT_CONVERSION = YES;
				CLANG_WARN_NON_LITERAL_NULL_CONVERSION = YES;
				CLANG_WARN_OBJC_LITERAL_CONVERSION = YES;
				CLANG_WARN_OBJC_ROOT_CLASS = YES_ERROR;
				CLANG_WARN_RANGE_LOOP_ANALYSIS = YES;
				CLANG_WARN_STRICT_PROTOTYPES = YES;
				CLANG_WARN_SUSPICIOUS_MOVE = YES;
				CLANG_WARN_UNREACHABLE_CODE = YES;
				CLANG_WARN__DUPLICATE_METHOD_MATCH = YES;
				"CODE_SIGN_IDENTITY[sdk=iphoneos*]" = "iPhone Developer";
				COPY_PHASE_STRIP = NO;
				DEBUG_INFORMATION_FORMAT = "dwarf-with-dsym";
				ENABLE_NS_ASSERTIONS = NO;
				ENABLE_STRICT_OBJC_MSGSEND = YES;
				GCC_C_LANGUAGE_STANDARD = gnu99;
				GCC_NO_COMMON_BLOCKS = YES;
				GCC_WARN_64_TO_32_BIT_CONVERSION = YES;
				GCC_WARN_ABOUT_RETURN_TYPE = YES_ERROR;
				GCC_WARN_UNDECLARED_SELECTOR = YES;
				GCC_WARN_UNINITIALIZED_AUTOS = YES_AGGRESSIVE;
				GCC_WARN_UNUSED_FUNCTION = YES;
				GCC_WARN_UNUSED_VARIABLE = YES;
				IPHONEOS_DEPLOYMENT_TARGET = 9.3;
				MTL_ENABLE_DEBUG_INFO = NO;
				SDKROOT = iphoneos;
				SWIFT_OPTIMIZATION_LEVEL = "-Owholemodule";
				SWIFT_VERSION = 5.0;
				VALIDATE_PRODUCT = YES;
			};
			name = Release;
		};
		607FACF01AFB9204008FA782 /* Debug */ = {
			isa = XCBuildConfiguration;
			baseConfigurationReference = 5BCD8BB1BBEC167FC0BD2DCC /* Pods-RF_localRepo_Example.debug.xcconfig */;
			buildSettings = {
				ASSETCATALOG_COMPILER_APPICON_NAME = AppIcon;
				DEVELOPMENT_TEAM = CM2WZA89Y8;
				INFOPLIST_FILE = RF_localRepo/Info.plist;
				IPHONEOS_DEPLOYMENT_TARGET = 11.0;
				LD_RUNPATH_SEARCH_PATHS = "$(inherited) @executable_path/Frameworks";
				MODULE_NAME = ExampleApp;
				PRODUCT_BUNDLE_IDENTIFIER = "org.cocoapods.demo.$(PRODUCT_NAME:rfc1034identifier)";
				PRODUCT_NAME = "$(TARGET_NAME)";
				SWIFT_SWIFT3_OBJC_INFERENCE = Default;
				SWIFT_VERSION = 5.0;
			};
			name = Debug;
		};
		607FACF11AFB9204008FA782 /* Release */ = {
			isa = XCBuildConfiguration;
			baseConfigurationReference = F625339A2352686E6489FB3A /* Pods-RF_localRepo_Example.release.xcconfig */;
			buildSettings = {
				ASSETCATALOG_COMPILER_APPICON_NAME = AppIcon;
				DEVELOPMENT_TEAM = CM2WZA89Y8;
				INFOPLIST_FILE = RF_localRepo/Info.plist;
				IPHONEOS_DEPLOYMENT_TARGET = 11.0;
				LD_RUNPATH_SEARCH_PATHS = "$(inherited) @executable_path/Frameworks";
				MODULE_NAME = ExampleApp;
				PRODUCT_BUNDLE_IDENTIFIER = "org.cocoapods.demo.$(PRODUCT_NAME:rfc1034identifier)";
				PRODUCT_NAME = "$(TARGET_NAME)";
				SWIFT_SWIFT3_OBJC_INFERENCE = Default;
				SWIFT_VERSION = 5.0;
			};
			name = Release;
		};
		607FACF31AFB9204008FA782 /* Debug */ = {
			isa = XCBuildConfiguration;
			baseConfigurationReference = 041E3DFDD0FB299CDB0F7D4E /* Pods-RF_localRepo_Tests.debug.xcconfig */;
			buildSettings = {
				FRAMEWORK_SEARCH_PATHS = (
					"$(PLATFORM_DIR)/Developer/Library/Frameworks",
					"$(inherited)",
				);
				GCC_PREPROCESSOR_DEFINITIONS = (
					"DEBUG=1",
					"$(inherited)",
				);
				INFOPLIST_FILE = Tests/Info.plist;
				LD_RUNPATH_SEARCH_PATHS = "$(inherited) @executable_path/Frameworks @loader_path/Frameworks";
				PRODUCT_BUNDLE_IDENTIFIER = "org.cocoapods.$(PRODUCT_NAME:rfc1034identifier)";
				PRODUCT_NAME = "$(TARGET_NAME)";
				SWIFT_SWIFT3_OBJC_INFERENCE = Default;
				SWIFT_VERSION = 5.0;
				TEST_HOST = "$(BUILT_PRODUCTS_DIR)/RF_localRepo_Example.app/RF_localRepo_Example";
			};
			name = Debug;
		};
		607FACF41AFB9204008FA782 /* Release */ = {
			isa = XCBuildConfiguration;
			baseConfigurationReference = 4BA1E02D303FB6D5B835CE65 /* Pods-RF_localRepo_Tests.release.xcconfig */;
			buildSettings = {
				FRAMEWORK_SEARCH_PATHS = (
					"$(PLATFORM_DIR)/Developer/Library/Frameworks",
					"$(inherited)",
				);
				INFOPLIST_FILE = Tests/Info.plist;
				LD_RUNPATH_SEARCH_PATHS = "$(inherited) @executable_path/Frameworks @loader_path/Frameworks";
				PRODUCT_BUNDLE_IDENTIFIER = "org.cocoapods.$(PRODUCT_NAME:rfc1034identifier)";
				PRODUCT_NAME = "$(TARGET_NAME)";
				SWIFT_SWIFT3_OBJC_INFERENCE = Default;
				SWIFT_VERSION = 5.0;
				TEST_HOST = "$(BUILT_PRODUCTS_DIR)/RF_localRepo_Example.app/RF_localRepo_Example";
			};
			name = Release;
		};
/* End XCBuildConfiguration section */

/* Begin XCConfigurationList section */
		607FACCB1AFB9204008FA782 /* Build configuration list for PBXProject "RF_localRepo" */ = {
			isa = XCConfigurationList;
			buildConfigurations = (
				607FACED1AFB9204008FA782 /* Debug */,
				607FACEE1AFB9204008FA782 /* Release */,
			);
			defaultConfigurationIsVisible = 0;
			defaultConfigurationName = Release;
		};
		607FACEF1AFB9204008FA782 /* Build configuration list for PBXNativeTarget "RF_localRepo_Example" */ = {
			isa = XCConfigurationList;
			buildConfigurations = (
				607FACF01AFB9204008FA782 /* Debug */,
				607FACF11AFB9204008FA782 /* Release */,
			);
			defaultConfigurationIsVisible = 0;
			defaultConfigurationName = Release;
		};
		607FACF21AFB9204008FA782 /* Build configuration list for PBXNativeTarget "RF_localRepo_Tests" */ = {
			isa = XCConfigurationList;
			buildConfigurations = (
				607FACF31AFB9204008FA782 /* Debug */,
				607FACF41AFB9204008FA782 /* Release */,
			);
			defaultConfigurationIsVisible = 0;
			defaultConfigurationName = Release;
		};
/* End XCConfigurationList section */
	};
	rootObject = 607FACC81AFB9204008FA782 /* Project object */;
}
